
Microsoft Visual Studio Solution File, Format Version 12.00
# Visual Studio 15
VisualStudioVersion = 15.0.27428.2002
MinimumVisualStudioVersion = 10.0.40219.1
Project("{FAE04EC0-301F-11D3-BF4B-00C04F79EFBC}") = "PlaylistMaker.Server", "PlaylistMaker.Server\PlaylistMaker.Server.csproj", "{31D3AE66-07B1-4F8F-9E7F-DD2BE446E504}"
EndProject
Project("{FAE04EC0-301F-11D3-BF4B-00C04F79EFBC}") = "PlaylistMaker.Logic", "PlaylistMaker.Logic\PlaylistMaker.Logic.csproj", "{6ED95F56-0B74-4A1C-B90B-61BF6113509F}"
EndProject
Project("{FAE04EC0-301F-11D3-BF4B-00C04F79EFBC}") = "PlaylistMaker.Client", "PlaylistMaker.Client\PlaylistMaker.Client.csproj", "{6BBC3D74-456F-40CB-835C-C96704F4C6C2}"
EndProject
Global
	GlobalSection(SolutionConfigurationPlatforms) = preSolution
		Debug|Any CPU = Debug|Any CPU
		Release|Any CPU = Release|Any CPU
	EndGlobalSection
	GlobalSection(ProjectConfigurationPlatforms) = postSolution
		{31D3AE66-07B1-4F8F-9E7F-DD2BE446E504}.Debug|Any CPU.ActiveCfg = Debug|Any CPU
		{31D3AE66-07B1-4F8F-9E7F-DD2BE446E504}.Debug|Any CPU.Build.0 = Debug|Any CPU
		{31D3AE66-07B1-4F8F-9E7F-DD2BE446E504}.Release|Any CPU.ActiveCfg = Release|Any CPU
		{31D3AE66-07B1-4F8F-9E7F-DD2BE446E504}.Release|Any CPU.Build.0 = Release|Any CPU
		{6ED95F56-0B74-4A1C-B90B-61BF6113509F}.Debug|Any CPU.ActiveCfg = Debug|Any CPU
		{6ED95F56-0B74-4A1C-B90B-61BF6113509F}.Debug|Any CPU.Build.0 = Debug|Any CPU
		{6ED95F56-0B74-4A1C-B90B-61BF6113509F}.Release|Any CPU.ActiveCfg = Release|Any CPU
		{6ED95F56-0B74-4A1C-B90B-61BF6113509F}.Release|Any CPU.Build.0 = Release|Any CPU
		{6BBC3D74-456F-40CB-835C-C96704F4C6C2}.Debug|Any CPU.ActiveCfg = Debug|Any CPU
		{6BBC3D74-456F-40CB-835C-C96704F4C6C2}.Debug|Any CPU.Build.0 = Debug|Any CPU
		{6BBC3D74-456F-40CB-835C-C96704F4C6C2}.Release|Any CPU.ActiveCfg = Release|Any CPU
		{6BBC3D74-456F-40CB-835C-C96704F4C6C2}.Release|Any CPU.Build.0 = Release|Any CPU
	EndGlobalSection
	GlobalSection(SolutionProperties) = preSolution
		HideSolutionNode = FALSE
	EndGlobalSection
	GlobalSection(ExtensibilityGlobals) = postSolution
		SolutionGuid = {D32CE530-EA93-4118-B3B5-6B4D082C3C40}
	EndGlobalSection
EndGlobal
